
Microsoft Visual Studio Solution File, Format Version 12.00
Project("{2150E333-8FDC-42A3-9474-1A3956D46DE8}") = "Host", "Host", "{9B40FA00-3A69-49AF-AA7C-9FCC893A53B1}"
EndProject
Project("{2150E333-8FDC-42A3-9474-1A3956D46DE8}") = "Core", "Core", "{CCF1AAF5-DDA5-4144-B9FC-0A6D6C965350}"
EndProject
Project("{2150E333-8FDC-42A3-9474-1A3956D46DE8}") = "Infra", "Infra", "{3548E09C-4D37-4841-AD8E-25D7C5B32367}"
EndProject
Project("{FAE04EC0-301F-11D3-BF4B-00C04F79EFBC}") = "EFBestPractice.Application", "Core\EFBestPractice.Application\EFBestPractice.Application.csproj", "{9BB2CC98-079E-4486-AEA3-7F7310A41B57}"
EndProject
Project("{FAE04EC0-301F-11D3-BF4B-00C04F79EFBC}") = "EFBestPractice.Domain", "Core\EFBestPractice.Domain\EFBestPractice.Domain.csproj", "{D52B94BE-75CE-4F14-B4C1-4FF9FCBC9A19}"
EndProject
Project("{FAE04EC0-301F-11D3-BF4B-00C04F79EFBC}") = "EFBestPractices.Infrastructure", "Infra\EFBestPractices.Infrastructure\EFBestPractices.Infrastructure.csproj", "{CF886B32-BC03-4A29-8DD5-FB24E87AFC6B}"
EndProject
Project("{FAE04EC0-301F-11D3-BF4B-00C04F79EFBC}") = "EFBestPractice.Api", "Host\EFBestPractice.Api\EFBestPractice.Api.csproj", "{DEE4AC6E-3B06-4738-A9D8-46324B9920B1}"
EndProject
Global
	GlobalSection(SolutionConfigurationPlatforms) = preSolution
		Debug|Any CPU = Debug|Any CPU
		Release|Any CPU = Release|Any CPU
	EndGlobalSection
	GlobalSection(ProjectConfigurationPlatforms) = postSolution
		{9BB2CC98-079E-4486-AEA3-7F7310A41B57}.Debug|Any CPU.ActiveCfg = Debug|Any CPU
		{9BB2CC98-079E-4486-AEA3-7F7310A41B57}.Debug|Any CPU.Build.0 = Debug|Any CPU
		{9BB2CC98-079E-4486-AEA3-7F7310A41B57}.Release|Any CPU.ActiveCfg = Release|Any CPU
		{9BB2CC98-079E-4486-AEA3-7F7310A41B57}.Release|Any CPU.Build.0 = Release|Any CPU
		{D52B94BE-75CE-4F14-B4C1-4FF9FCBC9A19}.Debug|Any CPU.ActiveCfg = Debug|Any CPU
		{D52B94BE-75CE-4F14-B4C1-4FF9FCBC9A19}.Debug|Any CPU.Build.0 = Debug|Any CPU
		{D52B94BE-75CE-4F14-B4C1-4FF9FCBC9A19}.Release|Any CPU.ActiveCfg = Release|Any CPU
		{D52B94BE-75CE-4F14-B4C1-4FF9FCBC9A19}.Release|Any CPU.Build.0 = Release|Any CPU
		{CF886B32-BC03-4A29-8DD5-FB24E87AFC6B}.Debug|Any CPU.ActiveCfg = Debug|Any CPU
		{CF886B32-BC03-4A29-8DD5-FB24E87AFC6B}.Debug|Any CPU.Build.0 = Debug|Any CPU
		{CF886B32-BC03-4A29-8DD5-FB24E87AFC6B}.Release|Any CPU.ActiveCfg = Release|Any CPU
		{CF886B32-BC03-4A29-8DD5-FB24E87AFC6B}.Release|Any CPU.Build.0 = Release|Any CPU
		{DEE4AC6E-3B06-4738-A9D8-46324B9920B1}.Debug|Any CPU.ActiveCfg = Debug|Any CPU
		{DEE4AC6E-3B06-4738-A9D8-46324B9920B1}.Debug|Any CPU.Build.0 = Debug|Any CPU
		{DEE4AC6E-3B06-4738-A9D8-46324B9920B1}.Release|Any CPU.ActiveCfg = Release|Any CPU
		{DEE4AC6E-3B06-4738-A9D8-46324B9920B1}.Release|Any CPU.Build.0 = Release|Any CPU
	EndGlobalSection
	GlobalSection(NestedProjects) = preSolution
		{9BB2CC98-079E-4486-AEA3-7F7310A41B57} = {CCF1AAF5-DDA5-4144-B9FC-0A6D6C965350}
		{D52B94BE-75CE-4F14-B4C1-4FF9FCBC9A19} = {CCF1AAF5-DDA5-4144-B9FC-0A6D6C965350}
		{CF886B32-BC03-4A29-8DD5-FB24E87AFC6B} = {3548E09C-4D37-4841-AD8E-25D7C5B32367}
		{DEE4AC6E-3B06-4738-A9D8-46324B9920B1} = {9B40FA00-3A69-49AF-AA7C-9FCC893A53B1}
	EndGlobalSection
EndGlobal
